version = 1
revision = 1
requires-python = ">=3.13"

[[package]]
name = "delta-spark"
version = "3.3.0"
source = { registry = "https://pypi.org/simple" }
dependencies = [
    { name = "importlib-metadata" },
    { name = "pyspark" },
]
sdist = { url = "https://files.pythonhosted.org/packages/2f/a4/d2c4638ee561b5986c355e9b0a2f245d86597370fe8d1c2b2b6942ec4b74/delta-spark-3.3.0.tar.gz", hash = "sha256:bf163a60eaebd362f84f941066a7ca400bb63553f5ffb4924873a2b2ad4811a8", size = 22483 }
wheels = [
    { url = "https://files.pythonhosted.org/packages/a7/fc/e57607f6685d13ad71c93f1c63ceabd1eff667c4ca0ebea733a8f37eb711/delta_spark-3.3.0-py3-none-any.whl", hash = "sha256:bd28e455e1e59bf3c74ab2ba71cfa14fffd9cfa1c55c9fb522448acc68674881", size = 21919 },
]

[[package]]
name = "deltalake"
version = "0.25.5"
source = { registry = "https://pypi.org/simple" }
dependencies = [
    { name = "pyarrow" },
]
sdist = { url = "https://files.pythonhosted.org/packages/2d/29/69c829cd5da89266ed93226406cebd7f5d5c41aaec3568989355119a8333/deltalake-0.25.5.tar.gz", hash = "sha256:173e4b83fcff10f26474ae117161c3f2bdd5f44c30c20463c24b6b8b520e7656", size = 4979829 }
wheels = [
    { url = "https://files.pythonhosted.org/packages/dc/0e/f372bb290cef68c67331cd649b94d62220183ddc1b5bf3a9351ea6e9c8ec/deltalake-0.25.5-cp39-abi3-macosx_10_12_x86_64.whl", hash = "sha256:76be7e1ed8d13f2dc933361057a44a47a89e6112d4f5ea0a73fb510bedd96efc", size = 37398926 },
    { url = "https://files.pythonhosted.org/packages/74/7a/ec22ff9d5c891b4f9ae834ef70524c92bd59d1408e9944e2652c87bc3f02/deltalake-0.25.5-cp39-abi3-macosx_11_0_arm64.whl", hash = "sha256:e8f0d24bf64455f702da8402307b22e01f91e0f76694f7c5e33c9513011e8d29", size = 34581923 },
    { url = "https://files.pythonhosted.org/packages/37/f3/21f293029011388986985d5deef6edff1f46651a29bf5689d933922f3d90/deltalake-0.25.5-cp39-abi3-manylinux_2_17_aarch64.manylinux2014_aarch64.whl", hash = "sha256:cb1c7e826fd7c3bdd3676c7471d3b551e1a3674e44cd8e3747a0017a2c0292b7", size = 36171243 },
    { url = "https://files.pythonhosted.org/packages/6e/24/e6b7a8fe8b9e336d684779a88027b261374417f2be7c5a0fcdb40f0c8cc5/deltalake-0.25.5-cp39-abi3-manylinux_2_17_x86_64.manylinux2014_x86_64.whl", hash = "sha256:0b36afba5936f74c42920c06d140535e6efc8361f659770014944d8e69fbca09", size = 45892999 },
    { url = "https://files.pythonhosted.org/packages/a0/40/f62ac09730637a09f3a23db8f1760d2ee37478e2b18122ffdc240fa55a16/deltalake-0.25.5-cp39-abi3-manylinux_2_28_aarch64.whl", hash = "sha256:0ca70e824fd7bcd16aeaaf9a43800eb9dc6c5d05b7854328c4cb4a240643ef78", size = 36183330 },
    { url = "https://files.pythonhosted.org/packages/2b/c7/9599235a009e70610938834fef178df9e3df54c27f3294855850c7dcb6e9/deltalake-0.25.5-cp39-abi3-win_amd64.whl", hash = "sha256:4ea62150f9d7d37dce0d973e833b91b07139031cc416ba72ebddbdd1a748f270", size = 38182132 },
]

[[package]]
name = "eg-dados-apache-spark"
version = "0.1.0"
source = { virtual = "." }
dependencies = [
    { name = "delta-spark" },
    { name = "deltalake" },
    { name = "py4j" },
    { name = "pyspark" },
]

[package.metadata]
requires-dist = [
    { name = "delta-spark", specifier = ">=3.3.0" },
    { name = "deltalake", specifier = ">=0.25.5" },
    { name = "py4j", specifier = "==0.10.9.7" },
    { name = "pyspark", specifier = "==3.5.5" },
]

[[package]]
name = "importlib-metadata"
version = "8.6.1"
source = { registry = "https://pypi.org/simple" }
dependencies = [
    { name = "zipp" },
]
sdist = { url = "https://files.pythonhosted.org/packages/33/08/c1395a292bb23fd03bdf572a1357c5a733d3eecbab877641ceacab23db6e/importlib_metadata-8.6.1.tar.gz", hash = "sha256:310b41d755445d74569f993ccfc22838295d9fe005425094fad953d7f15c8580", size = 55767 }
wheels = [
    { url = "https://files.pythonhosted.org/packages/79/9d/0fb148dc4d6fa4a7dd1d8378168d9b4cd8d4560a6fbf6f0121c5fc34eb68/importlib_metadata-8.6.1-py3-none-any.whl", hash = "sha256:02a89390c1e15fdfdc0d7c6b25cb3e62650d0494005c97d6f148bf5b9787525e", size = 26971 },
]

[[package]]
name = "py4j"
version = "0.10.9.7"
source = { registry = "https://pypi.org/simple" }
sdist = { url = "https://files.pythonhosted.org/packages/1e/f2/b34255180c72c36ff7097f7c2cdca02abcbd89f5eebf7c7c41262a9a0637/py4j-0.10.9.7.tar.gz", hash = "sha256:0b6e5315bb3ada5cf62ac651d107bb2ebc02def3dee9d9548e3baac644ea8dbb", size = 1508234 }
wheels = [
    { url = "https://files.pythonhosted.org/packages/10/30/a58b32568f1623aaad7db22aa9eafc4c6c194b429ff35bdc55ca2726da47/py4j-0.10.9.7-py2.py3-none-any.whl", hash = "sha256:85defdfd2b2376eb3abf5ca6474b51ab7e0de341c75a02f46dc9b5976f5a5c1b", size = 200481 },
]

[[package]]
name = "pyarrow"
version = "19.0.1"
source = { registry = "https://pypi.org/simple" }
sdist = { url = "https://files.pythonhosted.org/packages/7f/09/a9046344212690f0632b9c709f9bf18506522feb333c894d0de81d62341a/pyarrow-19.0.1.tar.gz", hash = "sha256:3bf266b485df66a400f282ac0b6d1b500b9d2ae73314a153dbe97d6d5cc8a99e", size = 1129437 }
wheels = [
    { url = "https://files.pythonhosted.org/packages/2b/8d/275c58d4b00781bd36579501a259eacc5c6dfb369be4ddeb672ceb551d2d/pyarrow-19.0.1-cp313-cp313-macosx_12_0_arm64.whl", hash = "sha256:e45274b20e524ae5c39d7fc1ca2aa923aab494776d2d4b316b49ec7572ca324c", size = 30653552 },
    { url = "https://files.pythonhosted.org/packages/a0/9e/e6aca5cc4ef0c7aec5f8db93feb0bde08dbad8c56b9014216205d271101b/pyarrow-19.0.1-cp313-cp313-macosx_12_0_x86_64.whl", hash = "sha256:d9dedeaf19097a143ed6da37f04f4051aba353c95ef507764d344229b2b740ae", size = 32103413 },
    { url = "https://files.pythonhosted.org/packages/6a/fa/a7033f66e5d4f1308c7eb0dfcd2ccd70f881724eb6fd1776657fdf65458f/pyarrow-19.0.1-cp313-cp313-manylinux_2_17_aarch64.manylinux2014_aarch64.whl", hash = "sha256:6ebfb5171bb5f4a52319344ebbbecc731af3f021e49318c74f33d520d31ae0c4", size = 41134869 },
    { url = "https://files.pythonhosted.org/packages/2d/92/34d2569be8e7abdc9d145c98dc410db0071ac579b92ebc30da35f500d630/pyarrow-19.0.1-cp313-cp313-manylinux_2_17_x86_64.manylinux2014_x86_64.whl", hash = "sha256:f2a21d39fbdb948857f67eacb5bbaaf36802de044ec36fbef7a1c8f0dd3a4ab2", size = 42192626 },
    { url = "https://files.pythonhosted.org/packages/0a/1f/80c617b1084fc833804dc3309aa9d8daacd46f9ec8d736df733f15aebe2c/pyarrow-19.0.1-cp313-cp313-manylinux_2_28_aarch64.whl", hash = "sha256:99bc1bec6d234359743b01e70d4310d0ab240c3d6b0da7e2a93663b0158616f6", size = 40496708 },
    { url = "https://files.pythonhosted.org/packages/e6/90/83698fcecf939a611c8d9a78e38e7fed7792dcc4317e29e72cf8135526fb/pyarrow-19.0.1-cp313-cp313-manylinux_2_28_x86_64.whl", hash = "sha256:1b93ef2c93e77c442c979b0d596af45e4665d8b96da598db145b0fec014b9136", size = 42075728 },
    { url = "https://files.pythonhosted.org/packages/40/49/2325f5c9e7a1c125c01ba0c509d400b152c972a47958768e4e35e04d13d8/pyarrow-19.0.1-cp313-cp313-win_amd64.whl", hash = "sha256:d9d46e06846a41ba906ab25302cf0fd522f81aa2a85a71021826f34639ad31ef", size = 25242568 },
    { url = "https://files.pythonhosted.org/packages/3f/72/135088d995a759d4d916ec4824cb19e066585b4909ebad4ab196177aa825/pyarrow-19.0.1-cp313-cp313t-macosx_12_0_arm64.whl", hash = "sha256:c0fe3dbbf054a00d1f162fda94ce236a899ca01123a798c561ba307ca38af5f0", size = 30702371 },
    { url = "https://files.pythonhosted.org/packages/2e/01/00beeebd33d6bac701f20816a29d2018eba463616bbc07397fdf99ac4ce3/pyarrow-19.0.1-cp313-cp313t-macosx_12_0_x86_64.whl", hash = "sha256:96606c3ba57944d128e8a8399da4812f56c7f61de8c647e3470b417f795d0ef9", size = 32116046 },
    { url = "https://files.pythonhosted.org/packages/1f/c9/23b1ea718dfe967cbd986d16cf2a31fe59d015874258baae16d7ea0ccabc/pyarrow-19.0.1-cp313-cp313t-manylinux_2_17_aarch64.manylinux2014_aarch64.whl", hash = "sha256:8f04d49a6b64cf24719c080b3c2029a3a5b16417fd5fd7c4041f94233af732f3", size = 41091183 },
    { url = "https://files.pythonhosted.org/packages/3a/d4/b4a3aa781a2c715520aa8ab4fe2e7fa49d33a1d4e71c8fc6ab7b5de7a3f8/pyarrow-19.0.1-cp313-cp313t-manylinux_2_17_x86_64.manylinux2014_x86_64.whl", hash = "sha256:5a9137cf7e1640dce4c190551ee69d478f7121b5c6f323553b319cac936395f6", size = 42171896 },
    { url = "https://files.pythonhosted.org/packages/23/1b/716d4cd5a3cbc387c6e6745d2704c4b46654ba2668260d25c402626c5ddb/pyarrow-19.0.1-cp313-cp313t-manylinux_2_28_aarch64.whl", hash = "sha256:7c1bca1897c28013db5e4c83944a2ab53231f541b9e0c3f4791206d0c0de389a", size = 40464851 },
    { url = "https://files.pythonhosted.org/packages/ed/bd/54907846383dcc7ee28772d7e646f6c34276a17da740002a5cefe90f04f7/pyarrow-19.0.1-cp313-cp313t-manylinux_2_28_x86_64.whl", hash = "sha256:58d9397b2e273ef76264b45531e9d552d8ec8a6688b7390b5be44c02a37aade8", size = 42085744 },
]

[[package]]
name = "pyspark"
version = "3.5.5"
source = { registry = "https://pypi.org/simple" }
dependencies = [
    { name = "py4j" },
]
sdist = { url = "https://files.pythonhosted.org/packages/5f/8f/b616ef710932ccdbabd8511e08890a677482ab2967b7cf276c09a02bc64c/pyspark-3.5.5.tar.gz", hash = "sha256:6effc9ce98edf231f4d683fd14f7270629bf8458c628d6a2620ded4bb34f3cb9", size = 317214975 }

[[package]]
name = "zipp"
version = "3.21.0"
source = { registry = "https://pypi.org/simple" }
sdist = { url = "https://files.pythonhosted.org/packages/3f/50/bad581df71744867e9468ebd0bcd6505de3b275e06f202c2cb016e3ff56f/zipp-3.21.0.tar.gz", hash = "sha256:2c9958f6430a2040341a52eb608ed6dd93ef4392e02ffe219417c1b28b5dd1f4", size = 24545 }
wheels = [
    { url = "https://files.pythonhosted.org/packages/b7/1a/7e4798e9339adc931158c9d69ecc34f5e6791489d469f5e50ec15e35f458/zipp-3.21.0-py3-none-any.whl", hash = "sha256:ac1bbe05fd2991f160ebce24ffbac5f6d11d83dc90891255885223d42b3cd931", size = 9630 },
]
